
Microsoft Visual Studio Solution File, Format Version 12.00
# Visual Studio Version 16
VisualStudioVersion = 16.0.33801.447
MinimumVisualStudioVersion = 10.0.40219.1
Project("{8BC9CEB8-8B4A-11D0-8D11-00A0C91BC942}") = "guess number", "guess number\guess number.vcxproj", "{EDBB8D88-E629-4C86-9BDD-52CD28726FDE}"
EndProject
Global
	GlobalSection(SolutionConfigurationPlatforms) = preSolution
		Debug|x64 = Debug|x64
		Debug|x86 = Debug|x86
		Release|x64 = Release|x64
		Release|x86 = Release|x86
	EndGlobalSection
	GlobalSection(ProjectConfigurationPlatforms) = postSolution
		{EDBB8D88-E629-4C86-9BDD-52CD28726FDE}.Debug|x64.ActiveCfg = Debug|x64
		{EDBB8D88-E629-4C86-9BDD-52CD28726FDE}.Debug|x64.Build.0 = Debug|x64
		{EDBB8D88-E629-4C86-9BDD-52CD28726FDE}.Debug|x86.ActiveCfg = Debug|Win32
		{EDBB8D88-E629-4C86-9BDD-52CD28726FDE}.Debug|x86.Build.0 = Debug|Win32
		{EDBB8D88-E629-4C86-9BDD-52CD28726FDE}.Release|x64.ActiveCfg = Release|x64
		{EDBB8D88-E629-4C86-9BDD-52CD28726FDE}.Release|x64.Build.0 = Release|x64
		{EDBB8D88-E629-4C86-9BDD-52CD28726FDE}.Release|x86.ActiveCfg = Release|Win32
		{EDBB8D88-E629-4C86-9BDD-52CD28726FDE}.Release|x86.Build.0 = Release|Win32
	EndGlobalSection
	GlobalSection(SolutionProperties) = preSolution
		HideSolutionNode = FALSE
	EndGlobalSection
	GlobalSection(ExtensibilityGlobals) = postSolution
		SolutionGuid = {C0D2043B-B27E-4EA0-9E03-0E052848E59E}
	EndGlobalSection
EndGlobal
